// !$*UTF8*$!
{
	archiveVersion = 1;
	classes = {
	};
	objectVersion = 56;
	objects = {

/* Begin PBXBuildFile section */
		CE004B492B9335CF006D0188 /* RegistrationConfirmView.swift in Sources */ = {isa = PBXBuildFile; fileRef = CE004B482B9335CF006D0188 /* RegistrationConfirmView.swift */; };
		CE004B4B2B934729006D0188 /* RegistrationWaitingView.swift in Sources */ = {isa = PBXBuildFile; fileRef = CE004B4A2B934729006D0188 /* RegistrationWaitingView.swift */; };
		CE004B4D2B9355D7006D0188 /* RegistrationWaitingCheckboxesView.swift in Sources */ = {isa = PBXBuildFile; fileRef = CE004B4C2B9355D7006D0188 /* RegistrationWaitingCheckboxesView.swift */; };
		CE3866412B7E5C85003BA2C5 /* NFCPassportReader in Frameworks */ = {isa = PBXBuildFile; productRef = CE3866402B7E5C85003BA2C5 /* NFCPassportReader */; };
		CE4D931B2B51D38300E8AC67 /* KeychainUtils.swift in Sources */ = {isa = PBXBuildFile; fileRef = CE4D931A2B51D38300E8AC67 /* KeychainUtils.swift */; };
		CE64068D2B8786250019BB81 /* libwitnesscalc_credentialAtomicQueryMTPV2OnChainVoting.a in Frameworks */ = {isa = PBXBuildFile; fileRef = CE64068C2B8786250019BB81 /* libwitnesscalc_credentialAtomicQueryMTPV2OnChainVoting.a */; };
		CE70B3932B5689CC005F5868 /* StorageUtils.swift in Sources */ = {isa = PBXBuildFile; fileRef = CE70B3922B5689CC005F5868 /* StorageUtils.swift */; };
		CE7908FB2B88C38B000FE927 /* Web3 in Frameworks */ = {isa = PBXBuildFile; productRef = CE7908FA2B88C38B000FE927 /* Web3 */; };
		CE7908FD2B88C38B000FE927 /* Web3ContractABI in Frameworks */ = {isa = PBXBuildFile; productRef = CE7908FC2B88C38B000FE927 /* Web3ContractABI */; };
		CE7908FF2B88C38B000FE927 /* Web3PromiseKit in Frameworks */ = {isa = PBXBuildFile; productRef = CE7908FE2B88C38B000FE927 /* Web3PromiseKit */; };
		CE7909072B88F285000FE927 /* libwitnesscalc_voteSMT.a in Frameworks */ = {isa = PBXBuildFile; fileRef = CE7909062B88F285000FE927 /* libwitnesscalc_voteSMT.a */; };
		CE81E8DA2B7A5D8300B7545C /* Localizable.strings in Resources */ = {isa = PBXBuildFile; fileRef = CE81E8DC2B7A5D8300B7545C /* Localizable.strings */; };
		CE81E8DF2B7A8EDD00B7545C /* LocalizationSwitcherView.swift in Sources */ = {isa = PBXBuildFile; fileRef = CE81E8DE2B7A8EDD00B7545C /* LocalizationSwitcherView.swift */; };
		CE85D9DA2B91D6DD008F0E13 /* RegistrationDetailsHeaderView.swift in Sources */ = {isa = PBXBuildFile; fileRef = CE85D9D92B91D6DD008F0E13 /* RegistrationDetailsHeaderView.swift */; };
		CE85D9E82B922B87008F0E13 /* RegistrationManifestView.swift in Sources */ = {isa = PBXBuildFile; fileRef = CE85D9E72B922B87008F0E13 /* RegistrationManifestView.swift */; };
		CE85D9EA2B923B46008F0E13 /* RegistrationSignedManifestView.swift in Sources */ = {isa = PBXBuildFile; fileRef = CE85D9E92B923B46008F0E13 /* RegistrationSignedManifestView.swift */; };
		CE85D9EC2B925865008F0E13 /* RegistrationController.swift in Sources */ = {isa = PBXBuildFile; fileRef = CE85D9EB2B925865008F0E13 /* RegistrationController.swift */; };
		CE85D9EE2B925AC1008F0E13 /* RegistrationView.swift in Sources */ = {isa = PBXBuildFile; fileRef = CE85D9ED2B925AC1008F0E13 /* RegistrationView.swift */; };
		CE8DE6292B6B992100143E59 /* masterList.pem in Resources */ = {isa = PBXBuildFile; fileRef = CE8DE6282B6B992100143E59 /* masterList.pem */; };
		CEA151E52B447991006616DD /* FreedomToolsApp.swift in Sources */ = {isa = PBXBuildFile; fileRef = CEA151E42B447991006616DD /* FreedomToolsApp.swift */; };
		CEA151E92B447992006616DD /* Assets.xcassets in Resources */ = {isa = PBXBuildFile; fileRef = CEA151E82B447992006616DD /* Assets.xcassets */; };
		CEA151EC2B447992006616DD /* Preview Assets.xcassets in Resources */ = {isa = PBXBuildFile; fileRef = CEA151EB2B447992006616DD /* Preview Assets.xcassets */; };
		CEA151F42B447A42006616DD /* AppController.swift in Sources */ = {isa = PBXBuildFile; fileRef = CEA151F32B447A42006616DD /* AppController.swift */; };
		CEA151F72B447AB6006616DD /* AppView.swift in Sources */ = {isa = PBXBuildFile; fileRef = CEA151F62B447AB6006616DD /* AppView.swift */; };
		CEA151F92B447BA0006616DD /* IntroController.swift in Sources */ = {isa = PBXBuildFile; fileRef = CEA151F82B447BA0006616DD /* IntroController.swift */; };
		CEA152092B447E2F006616DD /* RobotoMono-ExtraLight.ttf in Resources */ = {isa = PBXBuildFile; fileRef = CEA151FB2B447E2F006616DD /* RobotoMono-ExtraLight.ttf */; };
		CEA1520A2B447E2F006616DD /* RobotoMono-Regular.ttf in Resources */ = {isa = PBXBuildFile; fileRef = CEA151FC2B447E2F006616DD /* RobotoMono-Regular.ttf */; };
		CEA1520B2B447E2F006616DD /* RobotoMono-Light.ttf in Resources */ = {isa = PBXBuildFile; fileRef = CEA151FD2B447E2F006616DD /* RobotoMono-Light.ttf */; };
		CEA1520C2B447E2F006616DD /* RobotoMono-ExtraLightItalic.ttf in Resources */ = {isa = PBXBuildFile; fileRef = CEA151FE2B447E2F006616DD /* RobotoMono-ExtraLightItalic.ttf */; };
		CEA1520D2B447E2F006616DD /* RobotoMono-Bold.ttf in Resources */ = {isa = PBXBuildFile; fileRef = CEA151FF2B447E2F006616DD /* RobotoMono-Bold.ttf */; };
		CEA1520E2B447E2F006616DD /* RobotoMono-SemiBoldItalic.ttf in Resources */ = {isa = PBXBuildFile; fileRef = CEA152002B447E2F006616DD /* RobotoMono-SemiBoldItalic.ttf */; };
		CEA1520F2B447E2F006616DD /* RobotoMono-LightItalic.ttf in Resources */ = {isa = PBXBuildFile; fileRef = CEA152012B447E2F006616DD /* RobotoMono-LightItalic.ttf */; };
		CEA152102B447E2F006616DD /* RobotoMono-ThinItalic.ttf in Resources */ = {isa = PBXBuildFile; fileRef = CEA152022B447E2F006616DD /* RobotoMono-ThinItalic.ttf */; };
		CEA152112B447E2F006616DD /* RobotoMono-BoldItalic.ttf in Resources */ = {isa = PBXBuildFile; fileRef = CEA152032B447E2F006616DD /* RobotoMono-BoldItalic.ttf */; };
		CEA152122B447E2F006616DD /* RobotoMono-Italic.ttf in Resources */ = {isa = PBXBuildFile; fileRef = CEA152042B447E2F006616DD /* RobotoMono-Italic.ttf */; };
		CEA152132B447E2F006616DD /* RobotoMono-Thin.ttf in Resources */ = {isa = PBXBuildFile; fileRef = CEA152052B447E2F006616DD /* RobotoMono-Thin.ttf */; };
		CEA152142B447E2F006616DD /* RobotoMono-SemiBold.ttf in Resources */ = {isa = PBXBuildFile; fileRef = CEA152062B447E2F006616DD /* RobotoMono-SemiBold.ttf */; };
		CEA152152B447E2F006616DD /* RobotoMono-Medium.ttf in Resources */ = {isa = PBXBuildFile; fileRef = CEA152072B447E2F006616DD /* RobotoMono-Medium.ttf */; };
		CEA152162B447E2F006616DD /* RobotoMono-MediumItalic.ttf in Resources */ = {isa = PBXBuildFile; fileRef = CEA152082B447E2F006616DD /* RobotoMono-MediumItalic.ttf */; };
		CEA1521E2B4480CF006616DD /* IntroView.swift in Sources */ = {isa = PBXBuildFile; fileRef = CEA1521D2B4480CF006616DD /* IntroView.swift */; };
		CEA152202B448130006616DD /* SubmitButtonView.swift in Sources */ = {isa = PBXBuildFile; fileRef = CEA1521F2B448130006616DD /* SubmitButtonView.swift */; };
		CEA152222B448487006616DD /* IntroProgressView.swift in Sources */ = {isa = PBXBuildFile; fileRef = CEA152212B448487006616DD /* IntroProgressView.swift */; };
		CEA152242B4485AB006616DD /* IntroProgressItemView.swift in Sources */ = {isa = PBXBuildFile; fileRef = CEA152232B4485AB006616DD /* IntroProgressItemView.swift */; };
		CEA152282B448D26006616DD /* IntroStepView.swift in Sources */ = {isa = PBXBuildFile; fileRef = CEA152272B448D26006616DD /* IntroStepView.swift */; };
		CEA1522B2B449690006616DD /* OnboardView.swift in Sources */ = {isa = PBXBuildFile; fileRef = CEA1522A2B449690006616DD /* OnboardView.swift */; };
		CEA1522D2B4498E2006616DD /* OnboardController.swift in Sources */ = {isa = PBXBuildFile; fileRef = CEA1522C2B4498E2006616DD /* OnboardController.swift */; };
		CEA152312B449A4F006616DD /* OnboardParticipateView.swift in Sources */ = {isa = PBXBuildFile; fileRef = CEA152302B449A4F006616DD /* OnboardParticipateView.swift */; };
		CEA152332B44A1F0006616DD /* WaitProcessView.swift in Sources */ = {isa = PBXBuildFile; fileRef = CEA152322B44A1F0006616DD /* WaitProcessView.swift */; };
		CEA152352B44B442006616DD /* OnboardConfirmDataView.swift in Sources */ = {isa = PBXBuildFile; fileRef = CEA152342B44B442006616DD /* OnboardConfirmDataView.swift */; };
		CEA24C8B2B7CD48E009DF14F /* IdentityManager.swift in Sources */ = {isa = PBXBuildFile; fileRef = CEA24C8A2B7CD48E009DF14F /* IdentityManager.swift */; };
		CEA24C972B7CD8E4009DF14F /* QKMRZScanner in Frameworks */ = {isa = PBXBuildFile; productRef = CEA24C962B7CD8E4009DF14F /* QKMRZScanner */; };
		CEB6E1352B7BBBD400043AB6 /* IntroFirstView.swift in Sources */ = {isa = PBXBuildFile; fileRef = CEB6E1342B7BBBD400043AB6 /* IntroFirstView.swift */; };
		CEBC4E7A2B459DB4005D560A /* PollDetailsView.swift in Sources */ = {isa = PBXBuildFile; fileRef = CEBC4E792B459DB4005D560A /* PollDetailsView.swift */; };
		CEBC4E8D2B45AF50005D560A /* RobotoSlab-Light.ttf in Resources */ = {isa = PBXBuildFile; fileRef = CEBC4E842B45AF50005D560A /* RobotoSlab-Light.ttf */; };
		CEBC4E8E2B45AF50005D560A /* RobotoSlab-Regular.ttf in Resources */ = {isa = PBXBuildFile; fileRef = CEBC4E852B45AF50005D560A /* RobotoSlab-Regular.ttf */; };
		CEBC4E8F2B45AF50005D560A /* RobotoSlab-ExtraLight.ttf in Resources */ = {isa = PBXBuildFile; fileRef = CEBC4E862B45AF50005D560A /* RobotoSlab-ExtraLight.ttf */; };
		CEBC4E902B45AF50005D560A /* RobotoSlab-ExtraBold.ttf in Resources */ = {isa = PBXBuildFile; fileRef = CEBC4E872B45AF50005D560A /* RobotoSlab-ExtraBold.ttf */; };
		CEBC4E912B45AF50005D560A /* RobotoSlab-Thin.ttf in Resources */ = {isa = PBXBuildFile; fileRef = CEBC4E882B45AF50005D560A /* RobotoSlab-Thin.ttf */; };
		CEBC4E922B45AF50005D560A /* RobotoSlab-SemiBold.ttf in Resources */ = {isa = PBXBuildFile; fileRef = CEBC4E892B45AF50005D560A /* RobotoSlab-SemiBold.ttf */; };
		CEBC4E932B45AF50005D560A /* RobotoSlab-Medium.ttf in Resources */ = {isa = PBXBuildFile; fileRef = CEBC4E8A2B45AF50005D560A /* RobotoSlab-Medium.ttf */; };
		CEBC4E942B45AF50005D560A /* RobotoSlab-Black.ttf in Resources */ = {isa = PBXBuildFile; fileRef = CEBC4E8B2B45AF50005D560A /* RobotoSlab-Black.ttf */; };
		CEBC4E952B45AF50005D560A /* RobotoSlab-Bold.ttf in Resources */ = {isa = PBXBuildFile; fileRef = CEBC4E8C2B45AF50005D560A /* RobotoSlab-Bold.ttf */; };
		CEBC4E972B45B204005D560A /* PollDetailsHeaderView.swift in Sources */ = {isa = PBXBuildFile; fileRef = CEBC4E962B45B204005D560A /* PollDetailsHeaderView.swift */; };
		CEBC4E992B45B25D005D560A /* PollDetailsPandingView.swift in Sources */ = {isa = PBXBuildFile; fileRef = CEBC4E982B45B25D005D560A /* PollDetailsPandingView.swift */; };
		CEBC4E9B2B45B75E005D560A /* PollDetailsVotingView.swift in Sources */ = {isa = PBXBuildFile; fileRef = CEBC4E9A2B45B75E005D560A /* PollDetailsVotingView.swift */; };
		CEBC4E9D2B45C440005D560A /* PollDetailsEndedView.swift in Sources */ = {isa = PBXBuildFile; fileRef = CEBC4E9C2B45C440005D560A /* PollDetailsEndedView.swift */; };
		CEBC4E9F2B45C66E005D560A /* PollProcessVotingView.swift in Sources */ = {isa = PBXBuildFile; fileRef = CEBC4E9E2B45C66E005D560A /* PollProcessVotingView.swift */; };
		CEBC4EA12B45CAB9005D560A /* PollProcessPendingView.swift in Sources */ = {isa = PBXBuildFile; fileRef = CEBC4EA02B45CAB9005D560A /* PollProcessPendingView.swift */; };
		CEC5A1212B76874D00DB7BB4 /* IssuerConnector.swift in Sources */ = {isa = PBXBuildFile; fileRef = CEC5A1202B76874D00DB7BB4 /* IssuerConnector.swift */; };
		CEC6DCC02B7E301500E63213 /* libwitnesscalc_passportVerificationSHA1.a in Frameworks */ = {isa = PBXBuildFile; fileRef = CEC6DCBE2B7E301500E63213 /* libwitnesscalc_passportVerificationSHA1.a */; };
		CEC6DCC12B7E301500E63213 /* libwitnesscalc_passportVerificationSHA256.a in Frameworks */ = {isa = PBXBuildFile; fileRef = CEC6DCBF2B7E301500E63213 /* libwitnesscalc_passportVerificationSHA256.a */; };
		CED5E9ED2B7E83D90097282B /* libwitnesscalc_authV2.a in Frameworks */ = {isa = PBXBuildFile; fileRef = CED5E9EB2B7E83D90097282B /* libwitnesscalc_authV2.a */; };
		CED648812B44D8D1008488E0 /* OnboardFakeGenView.swift in Sources */ = {isa = PBXBuildFile; fileRef = CED648802B44D8D1008488E0 /* OnboardFakeGenView.swift */; };
		CED648872B44D9C2008488E0 /* MRZScannerController.swift in Sources */ = {isa = PBXBuildFile; fileRef = CED648852B44D9C2008488E0 /* MRZScannerController.swift */; };
		CED648882B44D9C2008488E0 /* NFCScannerController.swift in Sources */ = {isa = PBXBuildFile; fileRef = CED648862B44D9C2008488E0 /* NFCScannerController.swift */; };
		CED6488A2B44D9F0008488E0 /* PassportUtils.swift in Sources */ = {isa = PBXBuildFile; fileRef = CED648892B44D9F0008488E0 /* PassportUtils.swift */; };
		CED6488C2B44DA65008488E0 /* NFCScannerView.swift in Sources */ = {isa = PBXBuildFile; fileRef = CED6488B2B44DA65008488E0 /* NFCScannerView.swift */; };
		CED6488E2B44DE9B008488E0 /* OnboardStepView.swift in Sources */ = {isa = PBXBuildFile; fileRef = CED6488D2B44DE9B008488E0 /* OnboardStepView.swift */; };
		CED648902B44E253008488E0 /* OnboardMRZScannerView.swift in Sources */ = {isa = PBXBuildFile; fileRef = CED6488F2B44E253008488E0 /* OnboardMRZScannerView.swift */; };
		CED648922B44E62B008488E0 /* OnboardNFCScannerView.swift in Sources */ = {isa = PBXBuildFile; fileRef = CED648912B44E62B008488E0 /* OnboardNFCScannerView.swift */; };
		CED648952B456E34008488E0 /* Poll.swift in Sources */ = {isa = PBXBuildFile; fileRef = CED648942B456E34008488E0 /* Poll.swift */; };
		CEDE211E2B4578E300406B1A /* MainController.swift in Sources */ = {isa = PBXBuildFile; fileRef = CEDE211D2B4578E300406B1A /* MainController.swift */; };
		CEDE21202B457A3700406B1A /* MainView.swift in Sources */ = {isa = PBXBuildFile; fileRef = CEDE211F2B457A3700406B1A /* MainView.swift */; };
		CEDE21242B457E0800406B1A /* PollStatusSelectorView.swift in Sources */ = {isa = PBXBuildFile; fileRef = CEDE21232B457E0800406B1A /* PollStatusSelectorView.swift */; };
		CEDE21262B45810B00406B1A /* PollListElemView.swift in Sources */ = {isa = PBXBuildFile; fileRef = CEDE21252B45810B00406B1A /* PollListElemView.swift */; };
		CEDFC1F42B5ECFCB00E0691B /* libgmp.a in Frameworks */ = {isa = PBXBuildFile; fileRef = CEDFC1EC2B5ECFCA00E0691B /* libgmp.a */; };
		CEDFC1F52B5ECFCB00E0691B /* libfq.a in Frameworks */ = {isa = PBXBuildFile; fileRef = CEDFC1EE2B5ECFCA00E0691B /* libfq.a */; };
		CEDFC1F62B5ECFCB00E0691B /* librapidsnark.a in Frameworks */ = {isa = PBXBuildFile; fileRef = CEDFC1F02B5ECFCA00E0691B /* librapidsnark.a */; };
		CEDFC1F72B5ECFCB00E0691B /* libfr.a in Frameworks */ = {isa = PBXBuildFile; fileRef = CEDFC1F12B5ECFCA00E0691B /* libfr.a */; };
		CEDFC1FA2B5ED25200E0691B /* ZKUtils.swift in Sources */ = {isa = PBXBuildFile; fileRef = CEDFC1F92B5ED25200E0691B /* ZKUtils.swift */; };
		CEE1695F2B90D3EB00BF2B84 /* RegistrationEntity.swift in Sources */ = {isa = PBXBuildFile; fileRef = CEE1695E2B90D3EB00BF2B84 /* RegistrationEntity.swift */; };
		CEE169622B90FE2600BF2B84 /* RegistrationListElemView.swift in Sources */ = {isa = PBXBuildFile; fileRef = CEE169612B90FE2600BF2B84 /* RegistrationListElemView.swift */; };
		CEE169642B91030B00BF2B84 /* HoodView.swift in Sources */ = {isa = PBXBuildFile; fileRef = CEE169632B91030B00BF2B84 /* HoodView.swift */; };
		CEE169662B91035300BF2B84 /* MainTopView.swift in Sources */ = {isa = PBXBuildFile; fileRef = CEE169652B91035300BF2B84 /* MainTopView.swift */; };
		CEE169682B91040400BF2B84 /* MainActiveView.swift in Sources */ = {isa = PBXBuildFile; fileRef = CEE169672B91040400BF2B84 /* MainActiveView.swift */; };
		CEE1696A2B910A9300BF2B84 /* RegistrationStatusView.swift in Sources */ = {isa = PBXBuildFile; fileRef = CEE169692B910A9300BF2B84 /* RegistrationStatusView.swift */; };
		CEE51BDD2B8DF83C00B5D1DE /* Lottie in Frameworks */ = {isa = PBXBuildFile; productRef = CEE51BDC2B8DF83C00B5D1DE /* Lottie */; };
		CEE51BE02B8DF85C00B5D1DE /* Alamofire in Frameworks */ = {isa = PBXBuildFile; productRef = CEE51BDF2B8DF85C00B5D1DE /* Alamofire */; };
		CEE51BE32B8DF8AE00B5D1DE /* KeychainAccess in Frameworks */ = {isa = PBXBuildFile; productRef = CEE51BE22B8DF8AE00B5D1DE /* KeychainAccess */; };
		CEE51BE52B8DFA7000B5D1DE /* passport.json in Resources */ = {isa = PBXBuildFile; fileRef = CEE51BE42B8DFA7000B5D1DE /* passport.json */; };
		CEE51BE72B8DFA8F00B5D1DE /* LottieView.swift in Sources */ = {isa = PBXBuildFile; fileRef = CEE51BE62B8DFA8F00B5D1DE /* LottieView.swift */; };
		CEE51BE92B8E059000B5D1DE /* checkbox.json in Resources */ = {isa = PBXBuildFile; fileRef = CEE51BE82B8E059000B5D1DE /* checkbox.json */; };
		CEE51BEB2B8E05A700B5D1DE /* loader.json in Resources */ = {isa = PBXBuildFile; fileRef = CEE51BEA2B8E05A700B5D1DE /* loader.json */; };
		CEECEEF12B8A0EF2005704E4 /* UserStorage.swift in Sources */ = {isa = PBXBuildFile; fileRef = CEECEEF02B8A0EF2005704E4 /* UserStorage.swift */; };
		CEECEEFD2B8A5058005704E4 /* RegistrationVerifyView.swift in Sources */ = {isa = PBXBuildFile; fileRef = CEECEEFC2B8A5058005704E4 /* RegistrationVerifyView.swift */; };
		CEF27A722B9A041F008A01D0 /* Identity.xcframework in Frameworks */ = {isa = PBXBuildFile; fileRef = CEF27A712B9A041F008A01D0 /* Identity.xcframework */; };
		CEF2C40A2B52B47600B44A7C /* EmptyPollsView.swift in Sources */ = {isa = PBXBuildFile; fileRef = CEF2C4092B52B47600B44A7C /* EmptyPollsView.swift */; };
		CEF2C40E2B52D93700B44A7C /* GifimageView.swift in Sources */ = {isa = PBXBuildFile; fileRef = CEF2C40D2B52D93700B44A7C /* GifimageView.swift */; };
		CEF2C4122B52E7E000B44A7C /* merged.gif in Resources */ = {isa = PBXBuildFile; fileRef = CEF2C4112B52E7E000B44A7C /* merged.gif */; };
/* End PBXBuildFile section */

/* Begin PBXFileReference section */
		CE004B482B9335CF006D0188 /* RegistrationConfirmView.swift */ = {isa = PBXFileReference; lastKnownFileType = sourcecode.swift; path = RegistrationConfirmView.swift; sourceTree = "<group>"; };
		CE004B4A2B934729006D0188 /* RegistrationWaitingView.swift */ = {isa = PBXFileReference; lastKnownFileType = sourcecode.swift; path = RegistrationWaitingView.swift; sourceTree = "<group>"; };
		CE004B4C2B9355D7006D0188 /* RegistrationWaitingCheckboxesView.swift */ = {isa = PBXFileReference; lastKnownFileType = sourcecode.swift; path = RegistrationWaitingCheckboxesView.swift; sourceTree = "<group>"; };
		CE4D931A2B51D38300E8AC67 /* KeychainUtils.swift */ = {isa = PBXFileReference; lastKnownFileType = sourcecode.swift; path = KeychainUtils.swift; sourceTree = "<group>"; };
		CE64068C2B8786250019BB81 /* libwitnesscalc_credentialAtomicQueryMTPV2OnChainVoting.a */ = {isa = PBXFileReference; lastKnownFileType = archive.ar; path = libwitnesscalc_credentialAtomicQueryMTPV2OnChainVoting.a; sourceTree = "<group>"; };
		CE64068E2B8787B80019BB81 /* witnesscalc_credentialAtomicQueryMTPV2OnChainVoting.h */ = {isa = PBXFileReference; lastKnownFileType = sourcecode.c.h; path = witnesscalc_credentialAtomicQueryMTPV2OnChainVoting.h; sourceTree = "<group>"; };
		CE70B3922B5689CC005F5868 /* StorageUtils.swift */ = {isa = PBXFileReference; lastKnownFileType = sourcecode.swift; path = StorageUtils.swift; sourceTree = "<group>"; };
		CE7909062B88F285000FE927 /* libwitnesscalc_voteSMT.a */ = {isa = PBXFileReference; lastKnownFileType = archive.ar; path = libwitnesscalc_voteSMT.a; sourceTree = "<group>"; };
		CE7909082B88F295000FE927 /* witnesscalc_voteSMT.h */ = {isa = PBXFileReference; lastKnownFileType = sourcecode.c.h; path = witnesscalc_voteSMT.h; sourceTree = "<group>"; };
		CE81E8DB2B7A5D8300B7545C /* en */ = {isa = PBXFileReference; lastKnownFileType = text.plist.strings; name = en; path = en.lproj/Localizable.strings; sourceTree = "<group>"; };
		CE81E8DD2B7A5D8400B7545C /* ru */ = {isa = PBXFileReference; lastKnownFileType = text.plist.strings; name = ru; path = ru.lproj/Localizable.strings; sourceTree = "<group>"; };
		CE81E8DE2B7A8EDD00B7545C /* LocalizationSwitcherView.swift */ = {isa = PBXFileReference; lastKnownFileType = sourcecode.swift; path = LocalizationSwitcherView.swift; sourceTree = "<group>"; };
		CE85D9D92B91D6DD008F0E13 /* RegistrationDetailsHeaderView.swift */ = {isa = PBXFileReference; lastKnownFileType = sourcecode.swift; path = RegistrationDetailsHeaderView.swift; sourceTree = "<group>"; };
		CE85D9E72B922B87008F0E13 /* RegistrationManifestView.swift */ = {isa = PBXFileReference; lastKnownFileType = sourcecode.swift; path = RegistrationManifestView.swift; sourceTree = "<group>"; };
		CE85D9E92B923B46008F0E13 /* RegistrationSignedManifestView.swift */ = {isa = PBXFileReference; lastKnownFileType = sourcecode.swift; path = RegistrationSignedManifestView.swift; sourceTree = "<group>"; };
		CE85D9EB2B925865008F0E13 /* RegistrationController.swift */ = {isa = PBXFileReference; lastKnownFileType = sourcecode.swift; path = RegistrationController.swift; sourceTree = "<group>"; };
		CE85D9ED2B925AC1008F0E13 /* RegistrationView.swift */ = {isa = PBXFileReference; lastKnownFileType = sourcecode.swift; path = RegistrationView.swift; sourceTree = "<group>"; };
		CE8DE6282B6B992100143E59 /* masterList.pem */ = {isa = PBXFileReference; fileEncoding = 4; lastKnownFileType = text; path = masterList.pem; sourceTree = "<group>"; };
		CEA151E12B447991006616DD /* FreedomTools.app */ = {isa = PBXFileReference; explicitFileType = wrapper.application; includeInIndex = 0; path = FreedomTools.app; sourceTree = BUILT_PRODUCTS_DIR; };
		CEA151E42B447991006616DD /* FreedomToolsApp.swift */ = {isa = PBXFileReference; lastKnownFileType = sourcecode.swift; path = FreedomToolsApp.swift; sourceTree = "<group>"; };
		CEA151E82B447992006616DD /* Assets.xcassets */ = {isa = PBXFileReference; lastKnownFileType = folder.assetcatalog; path = Assets.xcassets; sourceTree = "<group>"; };
		CEA151EB2B447992006616DD /* Preview Assets.xcassets */ = {isa = PBXFileReference; lastKnownFileType = folder.assetcatalog; path = "Preview Assets.xcassets"; sourceTree = "<group>"; };
		CEA151F32B447A42006616DD /* AppController.swift */ = {isa = PBXFileReference; lastKnownFileType = sourcecode.swift; path = AppController.swift; sourceTree = "<group>"; };
		CEA151F62B447AB6006616DD /* AppView.swift */ = {isa = PBXFileReference; lastKnownFileType = sourcecode.swift; path = AppView.swift; sourceTree = "<group>"; };
		CEA151F82B447BA0006616DD /* IntroController.swift */ = {isa = PBXFileReference; lastKnownFileType = sourcecode.swift; path = IntroController.swift; sourceTree = "<group>"; };
		CEA151FB2B447E2F006616DD /* RobotoMono-ExtraLight.ttf */ = {isa = PBXFileReference; lastKnownFileType = file; path = "RobotoMono-ExtraLight.ttf"; sourceTree = "<group>"; };
		CEA151FC2B447E2F006616DD /* RobotoMono-Regular.ttf */ = {isa = PBXFileReference; lastKnownFileType = file; path = "RobotoMono-Regular.ttf"; sourceTree = "<group>"; };
		CEA151FD2B447E2F006616DD /* RobotoMono-Light.ttf */ = {isa = PBXFileReference; lastKnownFileType = file; path = "RobotoMono-Light.ttf"; sourceTree = "<group>"; };
		CEA151FE2B447E2F006616DD /* RobotoMono-ExtraLightItalic.ttf */ = {isa = PBXFileReference; lastKnownFileType = file; path = "RobotoMono-ExtraLightItalic.ttf"; sourceTree = "<group>"; };
		CEA151FF2B447E2F006616DD /* RobotoMono-Bold.ttf */ = {isa = PBXFileReference; lastKnownFileType = file; path = "RobotoMono-Bold.ttf"; sourceTree = "<group>"; };
		CEA152002B447E2F006616DD /* RobotoMono-SemiBoldItalic.ttf */ = {isa = PBXFileReference; lastKnownFileType = file; path = "RobotoMono-SemiBoldItalic.ttf"; sourceTree = "<group>"; };
		CEA152012B447E2F006616DD /* RobotoMono-LightItalic.ttf */ = {isa = PBXFileReference; lastKnownFileType = file; path = "RobotoMono-LightItalic.ttf"; sourceTree = "<group>"; };
		CEA152022B447E2F006616DD /* RobotoMono-ThinItalic.ttf */ = {isa = PBXFileReference; lastKnownFileType = file; path = "RobotoMono-ThinItalic.ttf"; sourceTree = "<group>"; };
		CEA152032B447E2F006616DD /* RobotoMono-BoldItalic.ttf */ = {isa = PBXFileReference; lastKnownFileType = file; path = "RobotoMono-BoldItalic.ttf"; sourceTree = "<group>"; };
		CEA152042B447E2F006616DD /* RobotoMono-Italic.ttf */ = {isa = PBXFileReference; lastKnownFileType = file; path = "RobotoMono-Italic.ttf"; sourceTree = "<group>"; };
		CEA152052B447E2F006616DD /* RobotoMono-Thin.ttf */ = {isa = PBXFileReference; lastKnownFileType = file; path = "RobotoMono-Thin.ttf"; sourceTree = "<group>"; };
		CEA152062B447E2F006616DD /* RobotoMono-SemiBold.ttf */ = {isa = PBXFileReference; lastKnownFileType = file; path = "RobotoMono-SemiBold.ttf"; sourceTree = "<group>"; };
		CEA152072B447E2F006616DD /* RobotoMono-Medium.ttf */ = {isa = PBXFileReference; lastKnownFileType = file; path = "RobotoMono-Medium.ttf"; sourceTree = "<group>"; };
		CEA152082B447E2F006616DD /* RobotoMono-MediumItalic.ttf */ = {isa = PBXFileReference; lastKnownFileType = file; path = "RobotoMono-MediumItalic.ttf"; sourceTree = "<group>"; };
		CEA152172B447E85006616DD /* Info.plist */ = {isa = PBXFileReference; lastKnownFileType = text.plist; path = Info.plist; sourceTree = "<group>"; };
		CEA1521D2B4480CF006616DD /* IntroView.swift */ = {isa = PBXFileReference; lastKnownFileType = sourcecode.swift; path = IntroView.swift; sourceTree = "<group>"; };
		CEA1521F2B448130006616DD /* SubmitButtonView.swift */ = {isa = PBXFileReference; lastKnownFileType = sourcecode.swift; path = SubmitButtonView.swift; sourceTree = "<group>"; };
		CEA152212B448487006616DD /* IntroProgressView.swift */ = {isa = PBXFileReference; lastKnownFileType = sourcecode.swift; path = IntroProgressView.swift; sourceTree = "<group>"; };
		CEA152232B4485AB006616DD /* IntroProgressItemView.swift */ = {isa = PBXFileReference; lastKnownFileType = sourcecode.swift; path = IntroProgressItemView.swift; sourceTree = "<group>"; };
		CEA152272B448D26006616DD /* IntroStepView.swift */ = {isa = PBXFileReference; lastKnownFileType = sourcecode.swift; path = IntroStepView.swift; sourceTree = "<group>"; };
		CEA1522A2B449690006616DD /* OnboardView.swift */ = {isa = PBXFileReference; lastKnownFileType = sourcecode.swift; path = OnboardView.swift; sourceTree = "<group>"; };
		CEA1522C2B4498E2006616DD /* OnboardController.swift */ = {isa = PBXFileReference; lastKnownFileType = sourcecode.swift; path = OnboardController.swift; sourceTree = "<group>"; };
		CEA152302B449A4F006616DD /* OnboardParticipateView.swift */ = {isa = PBXFileReference; lastKnownFileType = sourcecode.swift; path = OnboardParticipateView.swift; sourceTree = "<group>"; };
		CEA152322B44A1F0006616DD /* WaitProcessView.swift */ = {isa = PBXFileReference; lastKnownFileType = sourcecode.swift; path = WaitProcessView.swift; sourceTree = "<group>"; };
		CEA152342B44B442006616DD /* OnboardConfirmDataView.swift */ = {isa = PBXFileReference; lastKnownFileType = sourcecode.swift; path = OnboardConfirmDataView.swift; sourceTree = "<group>"; };
		CEA24C882B7CD247009DF14F /* witnesscalc_passportVerificationSHA1.h */ = {isa = PBXFileReference; fileEncoding = 4; lastKnownFileType = sourcecode.c.h; path = witnesscalc_passportVerificationSHA1.h; sourceTree = "<group>"; };
		CEA24C892B7CD247009DF14F /* witnesscalc_passportVerificationSHA256.h */ = {isa = PBXFileReference; fileEncoding = 4; lastKnownFileType = sourcecode.c.h; path = witnesscalc_passportVerificationSHA256.h; sourceTree = "<group>"; };
		CEA24C8A2B7CD48E009DF14F /* IdentityManager.swift */ = {isa = PBXFileReference; lastKnownFileType = sourcecode.swift; path = IdentityManager.swift; sourceTree = "<group>"; };
		CEB6E1342B7BBBD400043AB6 /* IntroFirstView.swift */ = {isa = PBXFileReference; lastKnownFileType = sourcecode.swift; path = IntroFirstView.swift; sourceTree = "<group>"; };
		CEBC4E792B459DB4005D560A /* PollDetailsView.swift */ = {isa = PBXFileReference; lastKnownFileType = sourcecode.swift; path = PollDetailsView.swift; sourceTree = "<group>"; };
		CEBC4E842B45AF50005D560A /* RobotoSlab-Light.ttf */ = {isa = PBXFileReference; lastKnownFileType = file; path = "RobotoSlab-Light.ttf"; sourceTree = "<group>"; };
		CEBC4E852B45AF50005D560A /* RobotoSlab-Regular.ttf */ = {isa = PBXFileReference; lastKnownFileType = file; path = "RobotoSlab-Regular.ttf"; sourceTree = "<group>"; };
		CEBC4E862B45AF50005D560A /* RobotoSlab-ExtraLight.ttf */ = {isa = PBXFileReference; lastKnownFileType = file; path = "RobotoSlab-ExtraLight.ttf"; sourceTree = "<group>"; };
		CEBC4E872B45AF50005D560A /* RobotoSlab-ExtraBold.ttf */ = {isa = PBXFileReference; lastKnownFileType = file; path = "RobotoSlab-ExtraBold.ttf"; sourceTree = "<group>"; };
		CEBC4E882B45AF50005D560A /* RobotoSlab-Thin.ttf */ = {isa = PBXFileReference; lastKnownFileType = file; path = "RobotoSlab-Thin.ttf"; sourceTree = "<group>"; };
		CEBC4E892B45AF50005D560A /* RobotoSlab-SemiBold.ttf */ = {isa = PBXFileReference; lastKnownFileType = file; path = "RobotoSlab-SemiBold.ttf"; sourceTree = "<group>"; };
		CEBC4E8A2B45AF50005D560A /* RobotoSlab-Medium.ttf */ = {isa = PBXFileReference; lastKnownFileType = file; path = "RobotoSlab-Medium.ttf"; sourceTree = "<group>"; };
		CEBC4E8B2B45AF50005D560A /* RobotoSlab-Black.ttf */ = {isa = PBXFileReference; lastKnownFileType = file; path = "RobotoSlab-Black.ttf"; sourceTree = "<group>"; };
		CEBC4E8C2B45AF50005D560A /* RobotoSlab-Bold.ttf */ = {isa = PBXFileReference; lastKnownFileType = file; path = "RobotoSlab-Bold.ttf"; sourceTree = "<group>"; };
		CEBC4E962B45B204005D560A /* PollDetailsHeaderView.swift */ = {isa = PBXFileReference; lastKnownFileType = sourcecode.swift; path = PollDetailsHeaderView.swift; sourceTree = "<group>"; };
		CEBC4E982B45B25D005D560A /* PollDetailsPandingView.swift */ = {isa = PBXFileReference; lastKnownFileType = sourcecode.swift; path = PollDetailsPandingView.swift; sourceTree = "<group>"; };
		CEBC4E9A2B45B75E005D560A /* PollDetailsVotingView.swift */ = {isa = PBXFileReference; lastKnownFileType = sourcecode.swift; path = PollDetailsVotingView.swift; sourceTree = "<group>"; };
		CEBC4E9C2B45C440005D560A /* PollDetailsEndedView.swift */ = {isa = PBXFileReference; lastKnownFileType = sourcecode.swift; path = PollDetailsEndedView.swift; sourceTree = "<group>"; };
		CEBC4E9E2B45C66E005D560A /* PollProcessVotingView.swift */ = {isa = PBXFileReference; lastKnownFileType = sourcecode.swift; path = PollProcessVotingView.swift; sourceTree = "<group>"; };
		CEBC4EA02B45CAB9005D560A /* PollProcessPendingView.swift */ = {isa = PBXFileReference; lastKnownFileType = sourcecode.swift; path = PollProcessPendingView.swift; sourceTree = "<group>"; };
		CEC5A1202B76874D00DB7BB4 /* IssuerConnector.swift */ = {isa = PBXFileReference; lastKnownFileType = sourcecode.swift; path = IssuerConnector.swift; sourceTree = "<group>"; };
		CEC6DCBE2B7E301500E63213 /* libwitnesscalc_passportVerificationSHA1.a */ = {isa = PBXFileReference; lastKnownFileType = archive.ar; path = libwitnesscalc_passportVerificationSHA1.a; sourceTree = "<group>"; };
		CEC6DCBF2B7E301500E63213 /* libwitnesscalc_passportVerificationSHA256.a */ = {isa = PBXFileReference; lastKnownFileType = archive.ar; path = libwitnesscalc_passportVerificationSHA256.a; sourceTree = "<group>"; };
		CED5E9EB2B7E83D90097282B /* libwitnesscalc_authV2.a */ = {isa = PBXFileReference; lastKnownFileType = archive.ar; path = libwitnesscalc_authV2.a; sourceTree = "<group>"; };
		CED5E9EC2B7E83D90097282B /* witnesscalc_authV2.h */ = {isa = PBXFileReference; fileEncoding = 4; lastKnownFileType = sourcecode.c.h; path = witnesscalc_authV2.h; sourceTree = "<group>"; };
		CED648802B44D8D1008488E0 /* OnboardFakeGenView.swift */ = {isa = PBXFileReference; lastKnownFileType = sourcecode.swift; path = OnboardFakeGenView.swift; sourceTree = "<group>"; };
		CED648852B44D9C2008488E0 /* MRZScannerController.swift */ = {isa = PBXFileReference; fileEncoding = 4; lastKnownFileType = sourcecode.swift; path = MRZScannerController.swift; sourceTree = "<group>"; };
		CED648862B44D9C2008488E0 /* NFCScannerController.swift */ = {isa = PBXFileReference; fileEncoding = 4; lastKnownFileType = sourcecode.swift; path = NFCScannerController.swift; sourceTree = "<group>"; };
		CED648892B44D9F0008488E0 /* PassportUtils.swift */ = {isa = PBXFileReference; lastKnownFileType = sourcecode.swift; path = PassportUtils.swift; sourceTree = "<group>"; };
		CED6488B2B44DA65008488E0 /* NFCScannerView.swift */ = {isa = PBXFileReference; lastKnownFileType = sourcecode.swift; path = NFCScannerView.swift; sourceTree = "<group>"; };
		CED6488D2B44DE9B008488E0 /* OnboardStepView.swift */ = {isa = PBXFileReference; lastKnownFileType = sourcecode.swift; path = OnboardStepView.swift; sourceTree = "<group>"; };
		CED6488F2B44E253008488E0 /* OnboardMRZScannerView.swift */ = {isa = PBXFileReference; lastKnownFileType = sourcecode.swift; path = OnboardMRZScannerView.swift; sourceTree = "<group>"; };
		CED648912B44E62B008488E0 /* OnboardNFCScannerView.swift */ = {isa = PBXFileReference; lastKnownFileType = sourcecode.swift; path = OnboardNFCScannerView.swift; sourceTree = "<group>"; };
		CED648932B456503008488E0 /* FreedomTools.entitlements */ = {isa = PBXFileReference; lastKnownFileType = text.plist.entitlements; path = FreedomTools.entitlements; sourceTree = "<group>"; };
		CED648942B456E34008488E0 /* Poll.swift */ = {isa = PBXFileReference; lastKnownFileType = sourcecode.swift; path = Poll.swift; sourceTree = "<group>"; };
		CEDE211D2B4578E300406B1A /* MainController.swift */ = {isa = PBXFileReference; lastKnownFileType = sourcecode.swift; path = MainController.swift; sourceTree = "<group>"; };
		CEDE211F2B457A3700406B1A /* MainView.swift */ = {isa = PBXFileReference; lastKnownFileType = sourcecode.swift; path = MainView.swift; sourceTree = "<group>"; };
		CEDE21232B457E0800406B1A /* PollStatusSelectorView.swift */ = {isa = PBXFileReference; lastKnownFileType = sourcecode.swift; path = PollStatusSelectorView.swift; sourceTree = "<group>"; };
		CEDE21252B45810B00406B1A /* PollListElemView.swift */ = {isa = PBXFileReference; lastKnownFileType = sourcecode.swift; path = PollListElemView.swift; sourceTree = "<group>"; };
		CEDFC1EA2B5ECFCA00E0691B /* bridge.h */ = {isa = PBXFileReference; fileEncoding = 4; lastKnownFileType = sourcecode.c.h; path = bridge.h; sourceTree = "<group>"; };
		CEDFC1EB2B5ECFCA00E0691B /* prover.h */ = {isa = PBXFileReference; fileEncoding = 4; lastKnownFileType = sourcecode.c.h; path = prover.h; sourceTree = "<group>"; };
		CEDFC1EC2B5ECFCA00E0691B /* libgmp.a */ = {isa = PBXFileReference; lastKnownFileType = archive.ar; path = libgmp.a; sourceTree = "<group>"; };
		CEDFC1EE2B5ECFCA00E0691B /* libfq.a */ = {isa = PBXFileReference; lastKnownFileType = archive.ar; path = libfq.a; sourceTree = "<group>"; };
		CEDFC1F02B5ECFCA00E0691B /* librapidsnark.a */ = {isa = PBXFileReference; lastKnownFileType = archive.ar; path = librapidsnark.a; sourceTree = "<group>"; };
		CEDFC1F12B5ECFCA00E0691B /* libfr.a */ = {isa = PBXFileReference; lastKnownFileType = archive.ar; path = libfr.a; sourceTree = "<group>"; };
		CEDFC1F92B5ED25200E0691B /* ZKUtils.swift */ = {isa = PBXFileReference; fileEncoding = 4; lastKnownFileType = sourcecode.swift; path = ZKUtils.swift; sourceTree = "<group>"; };
		CEE1695E2B90D3EB00BF2B84 /* RegistrationEntity.swift */ = {isa = PBXFileReference; lastKnownFileType = sourcecode.swift; path = RegistrationEntity.swift; sourceTree = "<group>"; };
		CEE169612B90FE2600BF2B84 /* RegistrationListElemView.swift */ = {isa = PBXFileReference; lastKnownFileType = sourcecode.swift; path = RegistrationListElemView.swift; sourceTree = "<group>"; };
		CEE169632B91030B00BF2B84 /* HoodView.swift */ = {isa = PBXFileReference; lastKnownFileType = sourcecode.swift; path = HoodView.swift; sourceTree = "<group>"; };
		CEE169652B91035300BF2B84 /* MainTopView.swift */ = {isa = PBXFileReference; lastKnownFileType = sourcecode.swift; path = MainTopView.swift; sourceTree = "<group>"; };
		CEE169672B91040400BF2B84 /* MainActiveView.swift */ = {isa = PBXFileReference; lastKnownFileType = sourcecode.swift; path = MainActiveView.swift; sourceTree = "<group>"; };
		CEE169692B910A9300BF2B84 /* RegistrationStatusView.swift */ = {isa = PBXFileReference; lastKnownFileType = sourcecode.swift; path = RegistrationStatusView.swift; sourceTree = "<group>"; };
		CEE51BE42B8DFA7000B5D1DE /* passport.json */ = {isa = PBXFileReference; fileEncoding = 4; lastKnownFileType = text.json; path = passport.json; sourceTree = "<group>"; };
		CEE51BE62B8DFA8F00B5D1DE /* LottieView.swift */ = {isa = PBXFileReference; lastKnownFileType = sourcecode.swift; path = LottieView.swift; sourceTree = "<group>"; };
		CEE51BE82B8E059000B5D1DE /* checkbox.json */ = {isa = PBXFileReference; fileEncoding = 4; lastKnownFileType = text.json; path = checkbox.json; sourceTree = "<group>"; };
		CEE51BEA2B8E05A700B5D1DE /* loader.json */ = {isa = PBXFileReference; fileEncoding = 4; lastKnownFileType = text.json; path = loader.json; sourceTree = "<group>"; };
		CEECEEF02B8A0EF2005704E4 /* UserStorage.swift */ = {isa = PBXFileReference; lastKnownFileType = sourcecode.swift; path = UserStorage.swift; sourceTree = "<group>"; };
		CEECEEFC2B8A5058005704E4 /* RegistrationVerifyView.swift */ = {isa = PBXFileReference; lastKnownFileType = sourcecode.swift; path = RegistrationVerifyView.swift; sourceTree = "<group>"; };
		CEF27A712B9A041F008A01D0 /* Identity.xcframework */ = {isa = PBXFileReference; lastKnownFileType = wrapper.xcframework; path = Identity.xcframework; sourceTree = "<group>"; };
		CEF2C4092B52B47600B44A7C /* EmptyPollsView.swift */ = {isa = PBXFileReference; lastKnownFileType = sourcecode.swift; path = EmptyPollsView.swift; sourceTree = "<group>"; };
		CEF2C40D2B52D93700B44A7C /* GifimageView.swift */ = {isa = PBXFileReference; lastKnownFileType = sourcecode.swift; path = GifimageView.swift; sourceTree = "<group>"; };
		CEF2C4112B52E7E000B44A7C /* merged.gif */ = {isa = PBXFileReference; lastKnownFileType = image.gif; path = merged.gif; sourceTree = "<group>"; };
/* End PBXFileReference section */

/* Begin PBXFrameworksBuildPhase section */
		CEA151DE2B447991006616DD /* Frameworks */ = {
			isa = PBXFrameworksBuildPhase;
			buildActionMask = 2147483647;
			files = (
				CED5E9ED2B7E83D90097282B /* libwitnesscalc_authV2.a in Frameworks */,
				CEDFC1F52B5ECFCB00E0691B /* libfq.a in Frameworks */,
				CEE51BE32B8DF8AE00B5D1DE /* KeychainAccess in Frameworks */,
				CEDFC1F42B5ECFCB00E0691B /* libgmp.a in Frameworks */,
				CEA24C972B7CD8E4009DF14F /* QKMRZScanner in Frameworks */,
				CEDFC1F62B5ECFCB00E0691B /* librapidsnark.a in Frameworks */,
				CE7909072B88F285000FE927 /* libwitnesscalc_voteSMT.a in Frameworks */,
				CE7908FF2B88C38B000FE927 /* Web3PromiseKit in Frameworks */,
				CEE51BDD2B8DF83C00B5D1DE /* Lottie in Frameworks */,
				CE64068D2B8786250019BB81 /* libwitnesscalc_credentialAtomicQueryMTPV2OnChainVoting.a in Frameworks */,
				CEDFC1F72B5ECFCB00E0691B /* libfr.a in Frameworks */,
				CEC6DCC12B7E301500E63213 /* libwitnesscalc_passportVerificationSHA256.a in Frameworks */,
				CEE51BE02B8DF85C00B5D1DE /* Alamofire in Frameworks */,
				CE7908FD2B88C38B000FE927 /* Web3ContractABI in Frameworks */,
				CE7908FB2B88C38B000FE927 /* Web3 in Frameworks */,
				CEF27A722B9A041F008A01D0 /* Identity.xcframework in Frameworks */,
				CE3866412B7E5C85003BA2C5 /* NFCPassportReader in Frameworks */,
				CEC6DCC02B7E301500E63213 /* libwitnesscalc_passportVerificationSHA1.a in Frameworks */,
			);
			runOnlyForDeploymentPostprocessing = 0;
		};
/* End PBXFrameworksBuildPhase section */

/* Begin PBXGroup section */
		CE81E8D72B7A5D5900B7545C /* Resources */ = {
			isa = PBXGroup;
			children = (
				CEE51BEA2B8E05A700B5D1DE /* loader.json */,
				CEE51BE82B8E059000B5D1DE /* checkbox.json */,
				CEE51BE42B8DFA7000B5D1DE /* passport.json */,
				CE81E8DC2B7A5D8300B7545C /* Localizable.strings */,
			);
			path = Resources;
			sourceTree = "<group>";
		};
		CEA151D82B447991006616DD = {
			isa = PBXGroup;
			children = (
				CEDFC1E82B5ECFCA00E0691B /* Frameworks */,
				CEA151E32B447991006616DD /* FreedomTools */,
				CEA151E22B447991006616DD /* Products */,
			);
			sourceTree = "<group>";
		};
		CEA151E22B447991006616DD /* Products */ = {
			isa = PBXGroup;
			children = (
				CEA151E12B447991006616DD /* FreedomTools.app */,
			);
			name = Products;
			sourceTree = "<group>";
		};
		CEA151E32B447991006616DD /* FreedomTools */ = {
			isa = PBXGroup;
			children = (
				CE81E8D72B7A5D5900B7545C /* Resources */,
				CE8DE6282B6B992100143E59 /* masterList.pem */,
				CEF2C4112B52E7E000B44A7C /* merged.gif */,
				CEDE211C2B45788600406B1A /* Controllers */,
				CED648932B456503008488E0 /* FreedomTools.entitlements */,
				CEA1521B2B448099006616DD /* Views */,
				CEA152172B447E85006616DD /* Info.plist */,
				CEA151FA2B447E1A006616DD /* Fonts */,
				CEA151F22B4479A9006616DD /* Models */,
				CEA151E42B447991006616DD /* FreedomToolsApp.swift */,
				CEA151E82B447992006616DD /* Assets.xcassets */,
				CEA151EA2B447992006616DD /* Preview Content */,
				CEA151F62B447AB6006616DD /* AppView.swift */,
			);
			path = FreedomTools;
			sourceTree = "<group>";
		};
		CEA151EA2B447992006616DD /* Preview Content */ = {
			isa = PBXGroup;
			children = (
				CEA151EB2B447992006616DD /* Preview Assets.xcassets */,
			);
			path = "Preview Content";
			sourceTree = "<group>";
		};
		CEA151F22B4479A9006616DD /* Models */ = {
			isa = PBXGroup;
			children = (
				CEDFC1F92B5ED25200E0691B /* ZKUtils.swift */,
				CED648892B44D9F0008488E0 /* PassportUtils.swift */,
				CED648942B456E34008488E0 /* Poll.swift */,
				CE4D931A2B51D38300E8AC67 /* KeychainUtils.swift */,
				CE70B3922B5689CC005F5868 /* StorageUtils.swift */,
				CEC5A1202B76874D00DB7BB4 /* IssuerConnector.swift */,
				CEA24C8A2B7CD48E009DF14F /* IdentityManager.swift */,
				CEECEEF02B8A0EF2005704E4 /* UserStorage.swift */,
				CEE1695E2B90D3EB00BF2B84 /* RegistrationEntity.swift */,
			);
			path = Models;
			sourceTree = "<group>";
		};
		CEA151FA2B447E1A006616DD /* Fonts */ = {
			isa = PBXGroup;
			children = (
				CEBC4E8B2B45AF50005D560A /* RobotoSlab-Black.ttf */,
				CEBC4E8C2B45AF50005D560A /* RobotoSlab-Bold.ttf */,
				CEBC4E872B45AF50005D560A /* RobotoSlab-ExtraBold.ttf */,
				CEBC4E862B45AF50005D560A /* RobotoSlab-ExtraLight.ttf */,
				CEBC4E842B45AF50005D560A /* RobotoSlab-Light.ttf */,
				CEBC4E8A2B45AF50005D560A /* RobotoSlab-Medium.ttf */,
				CEBC4E852B45AF50005D560A /* RobotoSlab-Regular.ttf */,
				CEBC4E892B45AF50005D560A /* RobotoSlab-SemiBold.ttf */,
				CEBC4E882B45AF50005D560A /* RobotoSlab-Thin.ttf */,
				CEA151FF2B447E2F006616DD /* RobotoMono-Bold.ttf */,
				CEA152032B447E2F006616DD /* RobotoMono-BoldItalic.ttf */,
				CEA151FB2B447E2F006616DD /* RobotoMono-ExtraLight.ttf */,
				CEA151FE2B447E2F006616DD /* RobotoMono-ExtraLightItalic.ttf */,
				CEA152042B447E2F006616DD /* RobotoMono-Italic.ttf */,
				CEA151FD2B447E2F006616DD /* RobotoMono-Light.ttf */,
				CEA152012B447E2F006616DD /* RobotoMono-LightItalic.ttf */,
				CEA152072B447E2F006616DD /* RobotoMono-Medium.ttf */,
				CEA152082B447E2F006616DD /* RobotoMono-MediumItalic.ttf */,
				CEA151FC2B447E2F006616DD /* RobotoMono-Regular.ttf */,
				CEA152062B447E2F006616DD /* RobotoMono-SemiBold.ttf */,
				CEA152002B447E2F006616DD /* RobotoMono-SemiBoldItalic.ttf */,
				CEA152052B447E2F006616DD /* RobotoMono-Thin.ttf */,
				CEA152022B447E2F006616DD /* RobotoMono-ThinItalic.ttf */,
			);
			path = Fonts;
			sourceTree = "<group>";
		};
		CEA1521B2B448099006616DD /* Views */ = {
			isa = PBXGroup;
			children = (
				CEDE211A2B45780D00406B1A /* Main */,
				CEA152292B44967A006616DD /* Onboard */,
				CEA1521C2B4480A9006616DD /* Intro */,
				CEA1521F2B448130006616DD /* SubmitButtonView.swift */,
				CEA152322B44A1F0006616DD /* WaitProcessView.swift */,
				CED6488B2B44DA65008488E0 /* NFCScannerView.swift */,
				CEF2C40D2B52D93700B44A7C /* GifimageView.swift */,
				CE81E8DE2B7A8EDD00B7545C /* LocalizationSwitcherView.swift */,
				CEE51BE62B8DFA8F00B5D1DE /* LottieView.swift */,
			);
			path = Views;
			sourceTree = "<group>";
		};
		CEA1521C2B4480A9006616DD /* Intro */ = {
			isa = PBXGroup;
			children = (
				CEA1521D2B4480CF006616DD /* IntroView.swift */,
				CEA152212B448487006616DD /* IntroProgressView.swift */,
				CEA152232B4485AB006616DD /* IntroProgressItemView.swift */,
				CEA152272B448D26006616DD /* IntroStepView.swift */,
				CEB6E1342B7BBBD400043AB6 /* IntroFirstView.swift */,
			);
			path = Intro;
			sourceTree = "<group>";
		};
		CEA152292B44967A006616DD /* Onboard */ = {
			isa = PBXGroup;
			children = (
				CEA1522A2B449690006616DD /* OnboardView.swift */,
				CEA152302B449A4F006616DD /* OnboardParticipateView.swift */,
				CEA152342B44B442006616DD /* OnboardConfirmDataView.swift */,
				CED648802B44D8D1008488E0 /* OnboardFakeGenView.swift */,
				CED6488D2B44DE9B008488E0 /* OnboardStepView.swift */,
				CED6488F2B44E253008488E0 /* OnboardMRZScannerView.swift */,
				CED648912B44E62B008488E0 /* OnboardNFCScannerView.swift */,
			);
			path = Onboard;
			sourceTree = "<group>";
		};
		CEDE211A2B45780D00406B1A /* Main */ = {
			isa = PBXGroup;
			children = (
				CEE169602B90FE0300BF2B84 /* Registration */,
				CEDE211B2B45782A00406B1A /* Polls */,
				CEDE211F2B457A3700406B1A /* MainView.swift */,
				CEE169632B91030B00BF2B84 /* HoodView.swift */,
				CEE169652B91035300BF2B84 /* MainTopView.swift */,
				CEE169672B91040400BF2B84 /* MainActiveView.swift */,
			);
			path = Main;
			sourceTree = "<group>";
		};
		CEDE211B2B45782A00406B1A /* Polls */ = {
			isa = PBXGroup;
			children = (
				CEDE21232B457E0800406B1A /* PollStatusSelectorView.swift */,
				CEDE21252B45810B00406B1A /* PollListElemView.swift */,
				CEBC4E792B459DB4005D560A /* PollDetailsView.swift */,
				CEBC4E962B45B204005D560A /* PollDetailsHeaderView.swift */,
				CEBC4E982B45B25D005D560A /* PollDetailsPandingView.swift */,
				CEBC4E9A2B45B75E005D560A /* PollDetailsVotingView.swift */,
				CEBC4E9C2B45C440005D560A /* PollDetailsEndedView.swift */,
				CEBC4E9E2B45C66E005D560A /* PollProcessVotingView.swift */,
				CEBC4EA02B45CAB9005D560A /* PollProcessPendingView.swift */,
				CEF2C4092B52B47600B44A7C /* EmptyPollsView.swift */,
			);
			path = Polls;
			sourceTree = "<group>";
		};
		CEDE211C2B45788600406B1A /* Controllers */ = {
			isa = PBXGroup;
			children = (
				CED648852B44D9C2008488E0 /* MRZScannerController.swift */,
				CED648862B44D9C2008488E0 /* NFCScannerController.swift */,
				CEA151F32B447A42006616DD /* AppController.swift */,
				CEA151F82B447BA0006616DD /* IntroController.swift */,
				CEA1522C2B4498E2006616DD /* OnboardController.swift */,
				CEDE211D2B4578E300406B1A /* MainController.swift */,
				CE85D9EB2B925865008F0E13 /* RegistrationController.swift */,
			);
			path = Controllers;
			sourceTree = "<group>";
		};
		CEDFC1E82B5ECFCA00E0691B /* Frameworks */ = {
			isa = PBXGroup;
			children = (
				CEF27A712B9A041F008A01D0 /* Identity.xcframework */,
				CE7909082B88F295000FE927 /* witnesscalc_voteSMT.h */,
				CE7909062B88F285000FE927 /* libwitnesscalc_voteSMT.a */,
				CE64068E2B8787B80019BB81 /* witnesscalc_credentialAtomicQueryMTPV2OnChainVoting.h */,
				CE64068C2B8786250019BB81 /* libwitnesscalc_credentialAtomicQueryMTPV2OnChainVoting.a */,
				CEC6DCBE2B7E301500E63213 /* libwitnesscalc_passportVerificationSHA1.a */,
				CEC6DCBF2B7E301500E63213 /* libwitnesscalc_passportVerificationSHA256.a */,
				CED5E9EB2B7E83D90097282B /* libwitnesscalc_authV2.a */,
				CED5E9EC2B7E83D90097282B /* witnesscalc_authV2.h */,
				CEA24C882B7CD247009DF14F /* witnesscalc_passportVerificationSHA1.h */,
				CEA24C892B7CD247009DF14F /* witnesscalc_passportVerificationSHA256.h */,
				CEDFC1EA2B5ECFCA00E0691B /* bridge.h */,
				CEDFC1EB2B5ECFCA00E0691B /* prover.h */,
				CEDFC1EC2B5ECFCA00E0691B /* libgmp.a */,
				CEDFC1EE2B5ECFCA00E0691B /* libfq.a */,
				CEDFC1F02B5ECFCA00E0691B /* librapidsnark.a */,
				CEDFC1F12B5ECFCA00E0691B /* libfr.a */,
			);
			path = Frameworks;
			sourceTree = "<group>";
		};
		CEE169602B90FE0300BF2B84 /* Registration */ = {
			isa = PBXGroup;
			children = (
				CEECEEFC2B8A5058005704E4 /* RegistrationVerifyView.swift */,
				CE85D9D92B91D6DD008F0E13 /* RegistrationDetailsHeaderView.swift */,
				CEE169612B90FE2600BF2B84 /* RegistrationListElemView.swift */,
				CEE169692B910A9300BF2B84 /* RegistrationStatusView.swift */,
				CE85D9E72B922B87008F0E13 /* RegistrationManifestView.swift */,
				CE85D9E92B923B46008F0E13 /* RegistrationSignedManifestView.swift */,
				CE85D9ED2B925AC1008F0E13 /* RegistrationView.swift */,
				CE004B482B9335CF006D0188 /* RegistrationConfirmView.swift */,
				CE004B4A2B934729006D0188 /* RegistrationWaitingView.swift */,
				CE004B4C2B9355D7006D0188 /* RegistrationWaitingCheckboxesView.swift */,
			);
			path = Registration;
			sourceTree = "<group>";
		};
/* End PBXGroup section */

/* Begin PBXNativeTarget section */
		CEA151E02B447991006616DD /* FreedomTools */ = {
			isa = PBXNativeTarget;
			buildConfigurationList = CEA151EF2B447992006616DD /* Build configuration list for PBXNativeTarget "FreedomTools" */;
			buildPhases = (
				CEA151DD2B447991006616DD /* Sources */,
				CEA151DE2B447991006616DD /* Frameworks */,
				CEA151DF2B447991006616DD /* Resources */,
			);
			buildRules = (
			);
			dependencies = (
			);
			name = FreedomTools;
			packageProductDependencies = (
				CEA24C962B7CD8E4009DF14F /* QKMRZScanner */,
				CE3866402B7E5C85003BA2C5 /* NFCPassportReader */,
				CE7908FA2B88C38B000FE927 /* Web3 */,
				CE7908FC2B88C38B000FE927 /* Web3ContractABI */,
				CE7908FE2B88C38B000FE927 /* Web3PromiseKit */,
				CEE51BDC2B8DF83C00B5D1DE /* Lottie */,
				CEE51BDF2B8DF85C00B5D1DE /* Alamofire */,
				CEE51BE22B8DF8AE00B5D1DE /* KeychainAccess */,
			);
			productName = FreedomTools;
			productReference = CEA151E12B447991006616DD /* FreedomTools.app */;
			productType = "com.apple.product-type.application";
		};
/* End PBXNativeTarget section */

/* Begin PBXProject section */
		CEA151D92B447991006616DD /* Project object */ = {
			isa = PBXProject;
			attributes = {
				BuildIndependentTargetsInParallel = 1;
				LastSwiftUpdateCheck = 1500;
				LastUpgradeCheck = 1500;
				TargetAttributes = {
					CEA151E02B447991006616DD = {
						CreatedOnToolsVersion = 15.0.1;
					};
				};
			};
			buildConfigurationList = CEA151DC2B447991006616DD /* Build configuration list for PBXProject "FreedomTools" */;
			compatibilityVersion = "Xcode 14.0";
			developmentRegion = en;
			hasScannedForEncodings = 0;
			knownRegions = (
				en,
				Base,
				ru,
			);
			mainGroup = CEA151D82B447991006616DD;
			packageReferences = (
				CEA24C952B7CD8E4009DF14F /* XCRemoteSwiftPackageReference "QKMRZScanner" */,
				CE38663F2B7E5C85003BA2C5 /* XCRemoteSwiftPackageReference "NFCPassportReader" */,
				CE7908F92B88C38B000FE927 /* XCRemoteSwiftPackageReference "Web3.swift" */,
				CEE51BDB2B8DF83C00B5D1DE /* XCRemoteSwiftPackageReference "lottie-spm" */,
				CEE51BDE2B8DF85C00B5D1DE /* XCRemoteSwiftPackageReference "Alamofire" */,
				CEE51BE12B8DF8AE00B5D1DE /* XCRemoteSwiftPackageReference "KeychainAccess" */,
			);
			productRefGroup = CEA151E22B447991006616DD /* Products */;
			projectDirPath = "";
			projectRoot = "";
			targets = (
				CEA151E02B447991006616DD /* FreedomTools */,
			);
		};
/* End PBXProject section */

/* Begin PBXResourcesBuildPhase section */
		CEA151DF2B447991006616DD /* Resources */ = {
			isa = PBXResourcesBuildPhase;
			buildActionMask = 2147483647;
			files = (
				CEBC4E932B45AF50005D560A /* RobotoSlab-Medium.ttf in Resources */,
				CEBC4E942B45AF50005D560A /* RobotoSlab-Black.ttf in Resources */,
				CEA1520B2B447E2F006616DD /* RobotoMono-Light.ttf in Resources */,
				CEA1520E2B447E2F006616DD /* RobotoMono-SemiBoldItalic.ttf in Resources */,
				CEA151EC2B447992006616DD /* Preview Assets.xcassets in Resources */,
				CEA152142B447E2F006616DD /* RobotoMono-SemiBold.ttf in Resources */,
				CEBC4E8F2B45AF50005D560A /* RobotoSlab-ExtraLight.ttf in Resources */,
				CEA152152B447E2F006616DD /* RobotoMono-Medium.ttf in Resources */,
				CEF2C4122B52E7E000B44A7C /* merged.gif in Resources */,
				CEA152112B447E2F006616DD /* RobotoMono-BoldItalic.ttf in Resources */,
				CEA151E92B447992006616DD /* Assets.xcassets in Resources */,
				CEBC4E922B45AF50005D560A /* RobotoSlab-SemiBold.ttf in Resources */,
				CEBC4E952B45AF50005D560A /* RobotoSlab-Bold.ttf in Resources */,
				CEA152092B447E2F006616DD /* RobotoMono-ExtraLight.ttf in Resources */,
				CEA152102B447E2F006616DD /* RobotoMono-ThinItalic.ttf in Resources */,
				CEA152162B447E2F006616DD /* RobotoMono-MediumItalic.ttf in Resources */,
				CEE51BE92B8E059000B5D1DE /* checkbox.json in Resources */,
				CEA1520F2B447E2F006616DD /* RobotoMono-LightItalic.ttf in Resources */,
				CE81E8DA2B7A5D8300B7545C /* Localizable.strings in Resources */,
				CEA1520C2B447E2F006616DD /* RobotoMono-ExtraLightItalic.ttf in Resources */,
				CEBC4E902B45AF50005D560A /* RobotoSlab-ExtraBold.ttf in Resources */,
				CEBC4E8E2B45AF50005D560A /* RobotoSlab-Regular.ttf in Resources */,
				CEE51BE52B8DFA7000B5D1DE /* passport.json in Resources */,
				CEE51BEB2B8E05A700B5D1DE /* loader.json in Resources */,
				CEA1520D2B447E2F006616DD /* RobotoMono-Bold.ttf in Resources */,
				CE8DE6292B6B992100143E59 /* masterList.pem in Resources */,
				CEBC4E912B45AF50005D560A /* RobotoSlab-Thin.ttf in Resources */,
				CEA152122B447E2F006616DD /* RobotoMono-Italic.ttf in Resources */,
				CEA1520A2B447E2F006616DD /* RobotoMono-Regular.ttf in Resources */,
				CEA152132B447E2F006616DD /* RobotoMono-Thin.ttf in Resources */,
				CEBC4E8D2B45AF50005D560A /* RobotoSlab-Light.ttf in Resources */,
			);
			runOnlyForDeploymentPostprocessing = 0;
		};
/* End PBXResourcesBuildPhase section */

/* Begin PBXSourcesBuildPhase section */
		CEA151DD2B447991006616DD /* Sources */ = {
			isa = PBXSourcesBuildPhase;
			buildActionMask = 2147483647;
			files = (
				CE85D9DA2B91D6DD008F0E13 /* RegistrationDetailsHeaderView.swift in Sources */,
				CEE169622B90FE2600BF2B84 /* RegistrationListElemView.swift in Sources */,
				CEB6E1352B7BBBD400043AB6 /* IntroFirstView.swift in Sources */,
				CEBC4E9D2B45C440005D560A /* PollDetailsEndedView.swift in Sources */,
				CEA152202B448130006616DD /* SubmitButtonView.swift in Sources */,
				CEBC4E9F2B45C66E005D560A /* PollProcessVotingView.swift in Sources */,
				CEDE21202B457A3700406B1A /* MainView.swift in Sources */,
				CEE169642B91030B00BF2B84 /* HoodView.swift in Sources */,
				CE81E8DF2B7A8EDD00B7545C /* LocalizationSwitcherView.swift in Sources */,
				CE4D931B2B51D38300E8AC67 /* KeychainUtils.swift in Sources */,
				CE85D9EC2B925865008F0E13 /* RegistrationController.swift in Sources */,
				CEE169682B91040400BF2B84 /* MainActiveView.swift in Sources */,
				CED648872B44D9C2008488E0 /* MRZScannerController.swift in Sources */,
				CED648922B44E62B008488E0 /* OnboardNFCScannerView.swift in Sources */,
				CEA152242B4485AB006616DD /* IntroProgressItemView.swift in Sources */,
				CEBC4E9B2B45B75E005D560A /* PollDetailsVotingView.swift in Sources */,
				CED648952B456E34008488E0 /* Poll.swift in Sources */,
				CEDE21242B457E0800406B1A /* PollStatusSelectorView.swift in Sources */,
				CED6488C2B44DA65008488E0 /* NFCScannerView.swift in Sources */,
				CEBC4E7A2B459DB4005D560A /* PollDetailsView.swift in Sources */,
				CED6488E2B44DE9B008488E0 /* OnboardStepView.swift in Sources */,
				CEECEEFD2B8A5058005704E4 /* RegistrationVerifyView.swift in Sources */,
				CE85D9EA2B923B46008F0E13 /* RegistrationSignedManifestView.swift in Sources */,
				CEC5A1212B76874D00DB7BB4 /* IssuerConnector.swift in Sources */,
				CEA151F92B447BA0006616DD /* IntroController.swift in Sources */,
				CEE1695F2B90D3EB00BF2B84 /* RegistrationEntity.swift in Sources */,
				CEA151F72B447AB6006616DD /* AppView.swift in Sources */,
				CED648812B44D8D1008488E0 /* OnboardFakeGenView.swift in Sources */,
				CED648882B44D9C2008488E0 /* NFCScannerController.swift in Sources */,
				CEF2C40A2B52B47600B44A7C /* EmptyPollsView.swift in Sources */,
				CE70B3932B5689CC005F5868 /* StorageUtils.swift in Sources */,
				CEA24C8B2B7CD48E009DF14F /* IdentityManager.swift in Sources */,
				CEA152222B448487006616DD /* IntroProgressView.swift in Sources */,
				CEA152332B44A1F0006616DD /* WaitProcessView.swift in Sources */,
				CED648902B44E253008488E0 /* OnboardMRZScannerView.swift in Sources */,
				CEA152352B44B442006616DD /* OnboardConfirmDataView.swift in Sources */,
				CED6488A2B44D9F0008488E0 /* PassportUtils.swift in Sources */,
				CEA152282B448D26006616DD /* IntroStepView.swift in Sources */,
				CEA152312B449A4F006616DD /* OnboardParticipateView.swift in Sources */,
				CEBC4E972B45B204005D560A /* PollDetailsHeaderView.swift in Sources */,
				CE004B4D2B9355D7006D0188 /* RegistrationWaitingCheckboxesView.swift in Sources */,
				CEDE211E2B4578E300406B1A /* MainController.swift in Sources */,
				CEA1522B2B449690006616DD /* OnboardView.swift in Sources */,
				CE004B492B9335CF006D0188 /* RegistrationConfirmView.swift in Sources */,
				CEE169662B91035300BF2B84 /* MainTopView.swift in Sources */,
				CEBC4EA12B45CAB9005D560A /* PollProcessPendingView.swift in Sources */,
				CE85D9EE2B925AC1008F0E13 /* RegistrationView.swift in Sources */,
				CEE51BE72B8DFA8F00B5D1DE /* LottieView.swift in Sources */,
				CEA1521E2B4480CF006616DD /* IntroView.swift in Sources */,
				CE004B4B2B934729006D0188 /* RegistrationWaitingView.swift in Sources */,
				CE85D9E82B922B87008F0E13 /* RegistrationManifestView.swift in Sources */,
				CEBC4E992B45B25D005D560A /* PollDetailsPandingView.swift in Sources */,
				CEF2C40E2B52D93700B44A7C /* GifimageView.swift in Sources */,
				CEA151E52B447991006616DD /* FreedomToolsApp.swift in Sources */,
				CEA151F42B447A42006616DD /* AppController.swift in Sources */,
				CEDE21262B45810B00406B1A /* PollListElemView.swift in Sources */,
				CEE1696A2B910A9300BF2B84 /* RegistrationStatusView.swift in Sources */,
				CEECEEF12B8A0EF2005704E4 /* UserStorage.swift in Sources */,
				CEA1522D2B4498E2006616DD /* OnboardController.swift in Sources */,
				CEDFC1FA2B5ED25200E0691B /* ZKUtils.swift in Sources */,
			);
			runOnlyForDeploymentPostprocessing = 0;
		};
/* End PBXSourcesBuildPhase section */

/* Begin PBXVariantGroup section */
		CE81E8DC2B7A5D8300B7545C /* Localizable.strings */ = {
			isa = PBXVariantGroup;
			children = (
				CE81E8DB2B7A5D8300B7545C /* en */,
				CE81E8DD2B7A5D8400B7545C /* ru */,
			);
			name = Localizable.strings;
			sourceTree = "<group>";
		};
/* End PBXVariantGroup section */

/* Begin XCBuildConfiguration section */
		CEA151ED2B447992006616DD /* Debug */ = {
			isa = XCBuildConfiguration;
			buildSettings = {
				ALWAYS_SEARCH_USER_PATHS = NO;
				ASSETCATALOG_COMPILER_GENERATE_SWIFT_ASSET_SYMBOL_EXTENSIONS = YES;
				CLANG_ANALYZER_NONNULL = YES;
				CLANG_ANALYZER_NUMBER_OBJECT_CONVERSION = YES_AGGRESSIVE;
				CLANG_CXX_LANGUAGE_STANDARD = "gnu++20";
				CLANG_ENABLE_MODULES = YES;
				CLANG_ENABLE_OBJC_ARC = YES;
				CLANG_ENABLE_OBJC_WEAK = YES;
				CLANG_WARN_BLOCK_CAPTURE_AUTORELEASING = YES;
				CLANG_WARN_BOOL_CONVERSION = YES;
				CLANG_WARN_COMMA = YES;
				CLANG_WARN_CONSTANT_CONVERSION = YES;
				CLANG_WARN_DEPRECATED_OBJC_IMPLEMENTATIONS = YES;
				CLANG_WARN_DIRECT_OBJC_ISA_USAGE = YES_ERROR;
				CLANG_WARN_DOCUMENTATION_COMMENTS = YES;
				CLANG_WARN_EMPTY_BODY = YES;
				CLANG_WARN_ENUM_CONVERSION = YES;
				CLANG_WARN_INFINITE_RECURSION = YES;
				CLANG_WARN_INT_CONVERSION = YES;
				CLANG_WARN_NON_LITERAL_NULL_CONVERSION = YES;
				CLANG_WARN_OBJC_IMPLICIT_RETAIN_SELF = YES;
				CLANG_WARN_OBJC_LITERAL_CONVERSION = YES;
				CLANG_WARN_OBJC_ROOT_CLASS = YES_ERROR;
				CLANG_WARN_QUOTED_INCLUDE_IN_FRAMEWORK_HEADER = YES;
				CLANG_WARN_RANGE_LOOP_ANALYSIS = YES;
				CLANG_WARN_STRICT_PROTOTYPES = YES;
				CLANG_WARN_SUSPICIOUS_MOVE = YES;
				CLANG_WARN_UNGUARDED_AVAILABILITY = YES_AGGRESSIVE;
				CLANG_WARN_UNREACHABLE_CODE = YES;
				CLANG_WARN__DUPLICATE_METHOD_MATCH = YES;
				COPY_PHASE_STRIP = NO;
				DEBUG_INFORMATION_FORMAT = dwarf;
				ENABLE_STRICT_OBJC_MSGSEND = YES;
				ENABLE_TESTABILITY = YES;
				ENABLE_USER_SCRIPT_SANDBOXING = YES;
				GCC_C_LANGUAGE_STANDARD = gnu17;
				GCC_DYNAMIC_NO_PIC = NO;
				GCC_NO_COMMON_BLOCKS = YES;
				GCC_OPTIMIZATION_LEVEL = 0;
				GCC_PREPROCESSOR_DEFINITIONS = (
					"DEBUG=1",
					"$(inherited)",
				);
				GCC_WARN_64_TO_32_BIT_CONVERSION = YES;
				GCC_WARN_ABOUT_RETURN_TYPE = YES_ERROR;
				GCC_WARN_UNDECLARED_SELECTOR = YES;
				GCC_WARN_UNINITIALIZED_AUTOS = YES_AGGRESSIVE;
				GCC_WARN_UNUSED_FUNCTION = YES;
				GCC_WARN_UNUSED_VARIABLE = YES;
				IPHONEOS_DEPLOYMENT_TARGET = 16.0;
				LOCALIZATION_PREFERS_STRING_CATALOGS = YES;
				MTL_ENABLE_DEBUG_INFO = INCLUDE_SOURCE;
				MTL_FAST_MATH = YES;
				ONLY_ACTIVE_ARCH = YES;
				SDKROOT = iphoneos;
				SWIFT_ACTIVE_COMPILATION_CONDITIONS = "DEBUG $(inherited)";
				SWIFT_OPTIMIZATION_LEVEL = "-Onone";
			};
			name = Debug;
		};
		CEA151EE2B447992006616DD /* Release */ = {
			isa = XCBuildConfiguration;
			buildSettings = {
				ALWAYS_SEARCH_USER_PATHS = NO;
				ASSETCATALOG_COMPILER_GENERATE_SWIFT_ASSET_SYMBOL_EXTENSIONS = YES;
				CLANG_ANALYZER_NONNULL = YES;
				CLANG_ANALYZER_NUMBER_OBJECT_CONVERSION = YES_AGGRESSIVE;
				CLANG_CXX_LANGUAGE_STANDARD = "gnu++20";
				CLANG_ENABLE_MODULES = YES;
				CLANG_ENABLE_OBJC_ARC = YES;
				CLANG_ENABLE_OBJC_WEAK = YES;
				CLANG_WARN_BLOCK_CAPTURE_AUTORELEASING = YES;
				CLANG_WARN_BOOL_CONVERSION = YES;
				CLANG_WARN_COMMA = YES;
				CLANG_WARN_CONSTANT_CONVERSION = YES;
				CLANG_WARN_DEPRECATED_OBJC_IMPLEMENTATIONS = YES;
				CLANG_WARN_DIRECT_OBJC_ISA_USAGE = YES_ERROR;
				CLANG_WARN_DOCUMENTATION_COMMENTS = YES;
				CLANG_WARN_EMPTY_BODY = YES;
				CLANG_WARN_ENUM_CONVERSION = YES;
				CLANG_WARN_INFINITE_RECURSION = YES;
				CLANG_WARN_INT_CONVERSION = YES;
				CLANG_WARN_NON_LITERAL_NULL_CONVERSION = YES;
				CLANG_WARN_OBJC_IMPLICIT_RETAIN_SELF = YES;
				CLANG_WARN_OBJC_LITERAL_CONVERSION = YES;
				CLANG_WARN_OBJC_ROOT_CLASS = YES_ERROR;
				CLANG_WARN_QUOTED_INCLUDE_IN_FRAMEWORK_HEADER = YES;
				CLANG_WARN_RANGE_LOOP_ANALYSIS = YES;
				CLANG_WARN_STRICT_PROTOTYPES = YES;
				CLANG_WARN_SUSPICIOUS_MOVE = YES;
				CLANG_WARN_UNGUARDED_AVAILABILITY = YES_AGGRESSIVE;
				CLANG_WARN_UNREACHABLE_CODE = YES;
				CLANG_WARN__DUPLICATE_METHOD_MATCH = YES;
				COPY_PHASE_STRIP = NO;
				DEBUG_INFORMATION_FORMAT = "dwarf-with-dsym";
				ENABLE_NS_ASSERTIONS = NO;
				ENABLE_STRICT_OBJC_MSGSEND = YES;
				ENABLE_USER_SCRIPT_SANDBOXING = YES;
				GCC_C_LANGUAGE_STANDARD = gnu17;
				GCC_NO_COMMON_BLOCKS = YES;
				GCC_WARN_64_TO_32_BIT_CONVERSION = YES;
				GCC_WARN_ABOUT_RETURN_TYPE = YES_ERROR;
				GCC_WARN_UNDECLARED_SELECTOR = YES;
				GCC_WARN_UNINITIALIZED_AUTOS = YES_AGGRESSIVE;
				GCC_WARN_UNUSED_FUNCTION = YES;
				GCC_WARN_UNUSED_VARIABLE = YES;
				IPHONEOS_DEPLOYMENT_TARGET = 16.0;
				LOCALIZATION_PREFERS_STRING_CATALOGS = YES;
				MTL_ENABLE_DEBUG_INFO = NO;
				MTL_FAST_MATH = YES;
				SDKROOT = iphoneos;
				SWIFT_COMPILATION_MODE = wholemodule;
				VALIDATE_PRODUCT = YES;
			};
			name = Release;
		};
		CEA151F02B447992006616DD /* Debug */ = {
			isa = XCBuildConfiguration;
			buildSettings = {
				ASSETCATALOG_COMPILER_APPICON_NAME = AppIcon;
				ASSETCATALOG_COMPILER_GLOBAL_ACCENT_COLOR_NAME = AccentColor;
				CODE_SIGN_ENTITLEMENTS = FreedomTools/FreedomTools.entitlements;
				CODE_SIGN_IDENTITY = "Apple Development";
				CODE_SIGN_STYLE = Automatic;
				CURRENT_PROJECT_VERSION = 1;
				DEVELOPMENT_ASSET_PATHS = "\"FreedomTools/Preview Content\"";
				DEVELOPMENT_TEAM = M8N2G576YD;
				ENABLE_PREVIEWS = YES;
				FRAMEWORK_SEARCH_PATHS = (
					"$(inherited)",
					"$(PROJECT_DIR)/Frameworks",
				);
				GENERATE_INFOPLIST_FILE = YES;
				INFOPLIST_FILE = FreedomTools/Info.plist;
				INFOPLIST_KEY_CFBundleDisplayName = FreedomTool;
				INFOPLIST_KEY_LSApplicationCategoryType = "public.app-category.productivity";
				INFOPLIST_KEY_NFCReaderUsageDescription = "In order to enhance your document reading experience and provide seamless access, the NFC permission is required in our iOS app to enable efficient and secure interaction with NFC-enabled documents";
				INFOPLIST_KEY_NSCameraUsageDescription = "\"In order to enhance the user experience and efficiently read the Machine Readable Zone of your document, our iOS app requests camera permission, ensuring seamless and secure verification processes.";
				INFOPLIST_KEY_UIApplicationSceneManifest_Generation = YES;
				INFOPLIST_KEY_UIApplicationSupportsIndirectInputEvents = YES;
				INFOPLIST_KEY_UILaunchScreen_Generation = YES;
				INFOPLIST_KEY_UISupportedInterfaceOrientations = UIInterfaceOrientationPortrait;
				INFOPLIST_KEY_UISupportedInterfaceOrientations_iPad = "UIInterfaceOrientationLandscapeLeft UIInterfaceOrientationLandscapeRight UIInterfaceOrientationPortrait UIInterfaceOrientationPortraitUpsideDown";
				INFOPLIST_KEY_UIUserInterfaceStyle = Light;
				LD_RUNPATH_SEARCH_PATHS = (
					"$(inherited)",
					"@executable_path/Frameworks",
				);
				LIBRARY_SEARCH_PATHS = (
					"$(inherited)",
					"$(PROJECT_DIR)/Frameworks",
				);
				MARKETING_VERSION = 1.5;
				OTHER_LDFLAGS = "-lc++";
				PRODUCT_BUNDLE_IDENTIFIER = FreedomTool.FreedomTool;
				PRODUCT_NAME = "$(TARGET_NAME)";
				PROVISIONING_PROFILE_SPECIFIER = "";
				SUPPORTED_PLATFORMS = "iphoneos iphonesimulator";
				SUPPORTS_MACCATALYST = NO;
				SWIFT_EMIT_LOC_STRINGS = YES;
				SWIFT_OBJC_BRIDGING_HEADER = "$(PROJECT_DIR)/Frameworks/bridge.h";
				SWIFT_VERSION = 5.0;
				TARGETED_DEVICE_FAMILY = 1;
			};
			name = Debug;
		};
		CEA151F12B447992006616DD /* Release */ = {
			isa = XCBuildConfiguration;
			buildSettings = {
				ASSETCATALOG_COMPILER_APPICON_NAME = AppIcon;
				ASSETCATALOG_COMPILER_GLOBAL_ACCENT_COLOR_NAME = AccentColor;
				CODE_SIGN_ENTITLEMENTS = FreedomTools/FreedomTools.entitlements;
				CODE_SIGN_IDENTITY = "Apple Development";
				CODE_SIGN_STYLE = Automatic;
				CURRENT_PROJECT_VERSION = 1;
				DEVELOPMENT_ASSET_PATHS = "\"FreedomTools/Preview Content\"";
				DEVELOPMENT_TEAM = M8N2G576YD;
				ENABLE_PREVIEWS = YES;
				FRAMEWORK_SEARCH_PATHS = (
					"$(inherited)",
					"$(PROJECT_DIR)/Frameworks",
				);
				GENERATE_INFOPLIST_FILE = YES;
				INFOPLIST_FILE = FreedomTools/Info.plist;
				INFOPLIST_KEY_CFBundleDisplayName = FreedomTool;
				INFOPLIST_KEY_LSApplicationCategoryType = "public.app-category.productivity";
				INFOPLIST_KEY_NFCReaderUsageDescription = "In order to enhance your document reading experience and provide seamless access, the NFC permission is required in our iOS app to enable efficient and secure interaction with NFC-enabled documents";
				INFOPLIST_KEY_NSCameraUsageDescription = "\"In order to enhance the user experience and efficiently read the Machine Readable Zone of your document, our iOS app requests camera permission, ensuring seamless and secure verification processes.";
				INFOPLIST_KEY_UIApplicationSceneManifest_Generation = YES;
				INFOPLIST_KEY_UIApplicationSupportsIndirectInputEvents = YES;
				INFOPLIST_KEY_UILaunchScreen_Generation = YES;
				INFOPLIST_KEY_UISupportedInterfaceOrientations = UIInterfaceOrientationPortrait;
				INFOPLIST_KEY_UISupportedInterfaceOrientations_iPad = "UIInterfaceOrientationLandscapeLeft UIInterfaceOrientationLandscapeRight UIInterfaceOrientationPortrait UIInterfaceOrientationPortraitUpsideDown";
				INFOPLIST_KEY_UIUserInterfaceStyle = Light;
				LD_RUNPATH_SEARCH_PATHS = (
					"$(inherited)",
					"@executable_path/Frameworks",
				);
				LIBRARY_SEARCH_PATHS = (
					"$(inherited)",
					"$(PROJECT_DIR)/Frameworks",
				);
				MARKETING_VERSION = 1.5;
				OTHER_LDFLAGS = "-lc++";
				PRODUCT_BUNDLE_IDENTIFIER = FreedomTool.FreedomTool;
				PRODUCT_NAME = "$(TARGET_NAME)";
				PROVISIONING_PROFILE_SPECIFIER = "";
				SUPPORTED_PLATFORMS = "iphoneos iphonesimulator";
				SUPPORTS_MACCATALYST = NO;
				SWIFT_EMIT_LOC_STRINGS = YES;
				SWIFT_OBJC_BRIDGING_HEADER = "$(PROJECT_DIR)/Frameworks/bridge.h";
				SWIFT_VERSION = 5.0;
				TARGETED_DEVICE_FAMILY = 1;
			};
			name = Release;
		};
/* End XCBuildConfiguration section */

/* Begin XCConfigurationList section */
		CEA151DC2B447991006616DD /* Build configuration list for PBXProject "FreedomTools" */ = {
			isa = XCConfigurationList;
			buildConfigurations = (
				CEA151ED2B447992006616DD /* Debug */,
				CEA151EE2B447992006616DD /* Release */,
			);
			defaultConfigurationIsVisible = 0;
			defaultConfigurationName = Release;
		};
		CEA151EF2B447992006616DD /* Build configuration list for PBXNativeTarget "FreedomTools" */ = {
			isa = XCConfigurationList;
			buildConfigurations = (
				CEA151F02B447992006616DD /* Debug */,
				CEA151F12B447992006616DD /* Release */,
			);
			defaultConfigurationIsVisible = 0;
			defaultConfigurationName = Release;
		};
/* End XCConfigurationList section */

/* Begin XCRemoteSwiftPackageReference section */
		CE38663F2B7E5C85003BA2C5 /* XCRemoteSwiftPackageReference "NFCPassportReader" */ = {
			isa = XCRemoteSwiftPackageReference;
			repositoryURL = "git@github.com:rarimo/NFCPassportReader.git";
			requirement = {
				kind = revision;
				revision = 82c42a72ebb202c575fc7877fd3607e37688f3c2;
			};
		};
		CE7908F92B88C38B000FE927 /* XCRemoteSwiftPackageReference "Web3.swift" */ = {
			isa = XCRemoteSwiftPackageReference;
			repositoryURL = "git@github.com:Boilertalk/Web3.swift.git";
			requirement = {
				kind = exactVersion;
				version = 0.8.6;
			};
		};
		CEA24C952B7CD8E4009DF14F /* XCRemoteSwiftPackageReference "QKMRZScanner" */ = {
			isa = XCRemoteSwiftPackageReference;
			repositoryURL = "git@github.com:Mattijah/QKMRZScanner.git";
			requirement = {
				branch = "master-spm";
				kind = branch;
			};
		};
		CEE51BDB2B8DF83C00B5D1DE /* XCRemoteSwiftPackageReference "lottie-spm" */ = {
			isa = XCRemoteSwiftPackageReference;
			repositoryURL = "https://github.com/airbnb/lottie-spm.git";
			requirement = {
				kind = exactVersion;
				version = 4.4.1;
			};
		};
		CEE51BDE2B8DF85C00B5D1DE /* XCRemoteSwiftPackageReference "Alamofire" */ = {
			isa = XCRemoteSwiftPackageReference;
			repositoryURL = "git@github.com:Alamofire/Alamofire.git";
			requirement = {
				kind = exactVersion;
				version = 5.8.1;
			};
		};
		CEE51BE12B8DF8AE00B5D1DE /* XCRemoteSwiftPackageReference "KeychainAccess" */ = {
			isa = XCRemoteSwiftPackageReference;
			repositoryURL = "git@github.com:kishikawakatsumi/KeychainAccess.git";
			requirement = {
				kind = exactVersion;
				version = 4.2.2;
			};
		};
/* End XCRemoteSwiftPackageReference section */

/* Begin XCSwiftPackageProductDependency section */
		CE3866402B7E5C85003BA2C5 /* NFCPassportReader */ = {
			isa = XCSwiftPackageProductDependency;
			package = CE38663F2B7E5C85003BA2C5 /* XCRemoteSwiftPackageReference "NFCPassportReader" */;
			productName = NFCPassportReader;
		};
		CE7908FA2B88C38B000FE927 /* Web3 */ = {
			isa = XCSwiftPackageProductDependency;
			package = CE7908F92B88C38B000FE927 /* XCRemoteSwiftPackageReference "Web3.swift" */;
			productName = Web3;
		};
		CE7908FC2B88C38B000FE927 /* Web3ContractABI */ = {
			isa = XCSwiftPackageProductDependency;
			package = CE7908F92B88C38B000FE927 /* XCRemoteSwiftPackageReference "Web3.swift" */;
			productName = Web3ContractABI;
		};
		CE7908FE2B88C38B000FE927 /* Web3PromiseKit */ = {
			isa = XCSwiftPackageProductDependency;
			package = CE7908F92B88C38B000FE927 /* XCRemoteSwiftPackageReference "Web3.swift" */;
			productName = Web3PromiseKit;
		};
		CEA24C962B7CD8E4009DF14F /* QKMRZScanner */ = {
			isa = XCSwiftPackageProductDependency;
			package = CEA24C952B7CD8E4009DF14F /* XCRemoteSwiftPackageReference "QKMRZScanner" */;
			productName = QKMRZScanner;
		};
		CEE51BDC2B8DF83C00B5D1DE /* Lottie */ = {
			isa = XCSwiftPackageProductDependency;
			package = CEE51BDB2B8DF83C00B5D1DE /* XCRemoteSwiftPackageReference "lottie-spm" */;
			productName = Lottie;
		};
		CEE51BDF2B8DF85C00B5D1DE /* Alamofire */ = {
			isa = XCSwiftPackageProductDependency;
			package = CEE51BDE2B8DF85C00B5D1DE /* XCRemoteSwiftPackageReference "Alamofire" */;
			productName = Alamofire;
		};
		CEE51BE22B8DF8AE00B5D1DE /* KeychainAccess */ = {
			isa = XCSwiftPackageProductDependency;
			package = CEE51BE12B8DF8AE00B5D1DE /* XCRemoteSwiftPackageReference "KeychainAccess" */;
			productName = KeychainAccess;
		};
/* End XCSwiftPackageProductDependency section */
	};
	rootObject = CEA151D92B447991006616DD /* Project object */;
}
